
Microsoft Visual Studio Solution File, Format Version 12.00
# Visual Studio 15
VisualStudioVersion = 15.0.28307.421
MinimumVisualStudioVersion = 10.0.40219.1
Project("{FAE04EC0-301F-11D3-BF4B-00C04F79EFBC}") = "CSSPWebAPI", "CSSPWebAPI\CSSPWebAPI.csproj", "{E7EE4D79-30CC-4996-ABA3-51B2FBD95FC9}"
EndProject
Project("{FAE04EC0-301F-11D3-BF4B-00C04F79EFBC}") = "CSSPWebAPI.Tests", "CSSPWebAPI.Tests\CSSPWebAPI.Tests.csproj", "{BC741083-0EF6-4D91-8FB4-C021F14D211A}"
EndProject
Global
	GlobalSection(SolutionConfigurationPlatforms) = preSolution
		Debug|Any CPU = Debug|Any CPU
		Release|Any CPU = Release|Any CPU
	EndGlobalSection
	GlobalSection(ProjectConfigurationPlatforms) = postSolution
		{E7EE4D79-30CC-4996-ABA3-51B2FBD95FC9}.Debug|Any CPU.ActiveCfg = Debug|Any CPU
		{E7EE4D79-30CC-4996-ABA3-51B2FBD95FC9}.Debug|Any CPU.Build.0 = Debug|Any CPU
		{E7EE4D79-30CC-4996-ABA3-51B2FBD95FC9}.Release|Any CPU.ActiveCfg = Release|Any CPU
		{E7EE4D79-30CC-4996-ABA3-51B2FBD95FC9}.Release|Any CPU.Build.0 = Release|Any CPU
		{BC741083-0EF6-4D91-8FB4-C021F14D211A}.Debug|Any CPU.ActiveCfg = Debug|Any CPU
		{BC741083-0EF6-4D91-8FB4-C021F14D211A}.Debug|Any CPU.Build.0 = Debug|Any CPU
		{BC741083-0EF6-4D91-8FB4-C021F14D211A}.Release|Any CPU.ActiveCfg = Release|Any CPU
		{BC741083-0EF6-4D91-8FB4-C021F14D211A}.Release|Any CPU.Build.0 = Release|Any CPU
	EndGlobalSection
	GlobalSection(SolutionProperties) = preSolution
		HideSolutionNode = FALSE
	EndGlobalSection
	GlobalSection(ExtensibilityGlobals) = postSolution
		SolutionGuid = {F14B43E1-FCA2-4DB4-BE35-590766AF9BB2}
	EndGlobalSection
EndGlobal
